# THIS IS AN AUTOGENERATED FILE. DO NOT EDIT THIS FILE DIRECTLY.
# yarn lockfile v1


"@angular/common@7":
  version "7.2.2"
  resolved "https://registry.yarnpkg.com/@angular/common/-/common-7.2.2.tgz#f229eb52e37acf3db4e464c935021713a1d7195b"
  integrity sha512-43EcR3mbM+dKH4VE1EYS1HxSuEToxxv5XPktKqdzY95g8PBOxe11ifcXoYHgImd7YOWzcKoy0k6yQbX3o0cZ8g==
  dependencies:
    tslib "^1.9.0"

"@angular/core@7":
  version "7.2.2"
  resolved "https://registry.yarnpkg.com/@angular/core/-/core-7.2.2.tgz#a0081d943f439b7c4fc4bfd877757931ed7edf63"
  integrity sha512-kQ0HxUYAPvly8b3aibTGbiodFnBBgo3asXAQuPgFjYYEqcKR1zZII7PQdaEF9kb9sfm/IKLKj4nd9fZ0gcgqZg==
  dependencies:
    tslib "^1.9.0"

"@angular/forms@7":
  version "7.2.2"
  resolved "https://registry.yarnpkg.com/@angular/forms/-/forms-7.2.2.tgz#d439216db53072f3fe83db877e88db5a56e37c41"
  integrity sha512-IsvVuUnzIA2ryRmh7l42AANPZFSyNcwqZNtxbmRq2wm3Lfed64U0rsRWWNqipjz7QTxZ2SRdAlP+XDgzg8hvMQ==
  dependencies:
    tslib "^1.9.0"

"@angular/platform-browser-dynamic@7.2.1":
  version "7.2.1"
  resolved "https://registry.yarnpkg.com/@angular/platform-browser-dynamic/-/platform-browser-dynamic-7.2.1.tgz#1210f6145dbdb93bb5a88f6cf673b5a0ac9cf771"
  integrity sha512-hrSkI7aESEkqYnu628Z/LvYNlUNMqIqkXYAkT3urxFdCw7UwNeZKrDmd9sRwK3gK3sC1VeD9pXtqaKmGsnBjOA==
  dependencies:
    tslib "^1.9.0"

"@angular/platform-browser@7.2.1":
  version "7.2.1"
  resolved "https://registry.yarnpkg.com/@angular/platform-browser/-/platform-browser-7.2.1.tgz#57171b1e6d8995951e1b9563384344d58a657472"
  integrity sha512-/6uHdFLmRkrkeOo+TzScrLG2YydG8kBNyT6ZpSOBf+bmB5DHyIGd55gh/tQJteKrnyadxRhqWCLBTYAbVX9Pnw==
  dependencies:
    tslib "^1.9.0"

core-js@2.6.2:
  version "2.6.2"
  resolved "https://registry.yarnpkg.com/core-js/-/core-js-2.6.2.tgz#267988d7268323b349e20b4588211655f0e83944"
  integrity sha512-NdBPF/RVwPW6jr0NCILuyN9RiqLo2b1mddWHkUL+VnvcB7dzlnBJ1bXYntjpTGOgkZiiLWj2JxmOr7eGE3qK6g==

rxjs@6.3.3:
  version "6.3.3"
  resolved "https://registry.yarnpkg.com/rxjs/-/rxjs-6.3.3.tgz#3c6a7fa420e844a81390fb1158a9ec614f4bad55"
  integrity sha512-JTWmoY9tWCs7zvIk/CvRjhjGaOd+OVBM987mxFo+OW66cGpdKjZcpmc74ES1sB//7Kl/PAe8+wEakuhG4pcgOw==
  dependencies:
    tslib "^1.9.0"

tslib@^1.9.0:
  version "1.9.3"
  resolved "https://registry.yarnpkg.com/tslib/-/tslib-1.9.3.tgz#d7e4dd79245d85428c4d7e4822a79917954ca286"
  integrity sha512-4krF8scpejhaOgqzBEcGM7yDIEfi0/8+8zDRZhNZZ2kjmHJ4hv3zCbQWxoJGz1iw5U0Jl0nma13xzHXcncMavQ==

zone.js@0.8.28:
  version "0.8.28"
  resolved "https://registry.yarnpkg.com/zone.js/-/zone.js-0.8.28.tgz#fd55df8743514b233613f8e4f5bb8e27207a48c3"
  integrity sha512-MjwlvV0wr65IQiT0WSHedo/zUhAqtypMdTUjqroV81RohGj1XANwHuC37dwYxphTRbZBYidk0gNS0dQrU2Q3Pw==
